
Microsoft Visual Studio Solution File, Format Version 12.00
# Visual Studio 15
VisualStudioVersion = 15.0.27428.2005
MinimumVisualStudioVersion = 10.0.40219.1
Project("{FAE04EC0-301F-11D3-BF4B-00C04F79EFBC}") = "Memjin", "Memjin\Memjin.csproj", "{ECB703AB-FE3E-4F87-B293-F0AF4FADD4EB}"
EndProject
Global
	GlobalSection(SolutionConfigurationPlatforms) = preSolution
		Debug|Any CPU = Debug|Any CPU
		Release|Any CPU = Release|Any CPU
	EndGlobalSection
	GlobalSection(ProjectConfigurationPlatforms) = postSolution
		{ECB703AB-FE3E-4F87-B293-F0AF4FADD4EB}.Debug|Any CPU.ActiveCfg = Debug|Any CPU
		{ECB703AB-FE3E-4F87-B293-F0AF4FADD4EB}.Debug|Any CPU.Build.0 = Debug|Any CPU
		{ECB703AB-FE3E-4F87-B293-F0AF4FADD4EB}.Release|Any CPU.ActiveCfg = Release|Any CPU
		{ECB703AB-FE3E-4F87-B293-F0AF4FADD4EB}.Release|Any CPU.Build.0 = Release|Any CPU
	EndGlobalSection
	GlobalSection(SolutionProperties) = preSolution
		HideSolutionNode = FALSE
	EndGlobalSection
	GlobalSection(ExtensibilityGlobals) = postSolution
		SolutionGuid = {0F499A03-560E-476A-AA43-8234E079CC86}
	EndGlobalSection
EndGlobal
